
Microsoft Visual Studio Solution File, Format Version 12.00
# Visual Studio Version 17
VisualStudioVersion = 17.6.33723.286
MinimumVisualStudioVersion = 10.0.40219.1
Project("{FAE04EC0-301F-11D3-BF4B-00C04F79EFBC}") = "DAO", "DAO\DAO.csproj", "{B3C3AE20-015B-4D74-AF3F-81A9C2892622}"
	ProjectSection(ProjectDependencies) = postProject
		{410F5EA0-F730-4E69-9761-98A4E4BE64EC} = {410F5EA0-F730-4E69-9761-98A4E4BE64EC}
	EndProjectSection
EndProject
Project("{F184B08F-C81C-45F6-A57F-5ABD9991F28F}") = "DOM", "DOM\DOM.vbproj", "{410F5EA0-F730-4E69-9761-98A4E4BE64EC}"
EndProject
Project("{FAE04EC0-301F-11D3-BF4B-00C04F79EFBC}") = "BL", "BL\BL.csproj", "{A4A2072D-E9E0-4C52-A585-02F784C2AD3D}"
	ProjectSection(ProjectDependencies) = postProject
		{410F5EA0-F730-4E69-9761-98A4E4BE64EC} = {410F5EA0-F730-4E69-9761-98A4E4BE64EC}
		{B3C3AE20-015B-4D74-AF3F-81A9C2892622} = {B3C3AE20-015B-4D74-AF3F-81A9C2892622}
	EndProjectSection
EndProject
Project("{F184B08F-C81C-45F6-A57F-5ABD9991F28F}") = "UI", "UI\UI.vbproj", "{D3585674-52C4-4FD7-BB00-16230AFD27EA}"
EndProject
Project("{F184B08F-C81C-45F6-A57F-5ABD9991F28F}") = "UT", "UT\UT.vbproj", "{EACD628B-713F-4AD6-8C73-F9769032A135}"
EndProject
Global
	GlobalSection(SolutionConfigurationPlatforms) = preSolution
		Debug|Any CPU = Debug|Any CPU
		Release|Any CPU = Release|Any CPU
	EndGlobalSection
	GlobalSection(ProjectConfigurationPlatforms) = postSolution
		{B3C3AE20-015B-4D74-AF3F-81A9C2892622}.Debug|Any CPU.ActiveCfg = Debug|Any CPU
		{B3C3AE20-015B-4D74-AF3F-81A9C2892622}.Debug|Any CPU.Build.0 = Debug|Any CPU
		{B3C3AE20-015B-4D74-AF3F-81A9C2892622}.Release|Any CPU.ActiveCfg = Release|Any CPU
		{B3C3AE20-015B-4D74-AF3F-81A9C2892622}.Release|Any CPU.Build.0 = Release|Any CPU
		{410F5EA0-F730-4E69-9761-98A4E4BE64EC}.Debug|Any CPU.ActiveCfg = Debug|Any CPU
		{410F5EA0-F730-4E69-9761-98A4E4BE64EC}.Debug|Any CPU.Build.0 = Debug|Any CPU
		{410F5EA0-F730-4E69-9761-98A4E4BE64EC}.Release|Any CPU.ActiveCfg = Release|Any CPU
		{410F5EA0-F730-4E69-9761-98A4E4BE64EC}.Release|Any CPU.Build.0 = Release|Any CPU
		{A4A2072D-E9E0-4C52-A585-02F784C2AD3D}.Debug|Any CPU.ActiveCfg = Debug|Any CPU
		{A4A2072D-E9E0-4C52-A585-02F784C2AD3D}.Debug|Any CPU.Build.0 = Debug|Any CPU
		{A4A2072D-E9E0-4C52-A585-02F784C2AD3D}.Release|Any CPU.ActiveCfg = Release|Any CPU
		{A4A2072D-E9E0-4C52-A585-02F784C2AD3D}.Release|Any CPU.Build.0 = Release|Any CPU
		{D3585674-52C4-4FD7-BB00-16230AFD27EA}.Debug|Any CPU.ActiveCfg = Debug|Any CPU
		{D3585674-52C4-4FD7-BB00-16230AFD27EA}.Debug|Any CPU.Build.0 = Debug|Any CPU
		{D3585674-52C4-4FD7-BB00-16230AFD27EA}.Release|Any CPU.ActiveCfg = Release|Any CPU
		{D3585674-52C4-4FD7-BB00-16230AFD27EA}.Release|Any CPU.Build.0 = Release|Any CPU
		{EACD628B-713F-4AD6-8C73-F9769032A135}.Debug|Any CPU.ActiveCfg = Debug|Any CPU
		{EACD628B-713F-4AD6-8C73-F9769032A135}.Debug|Any CPU.Build.0 = Debug|Any CPU
		{EACD628B-713F-4AD6-8C73-F9769032A135}.Release|Any CPU.ActiveCfg = Release|Any CPU
		{EACD628B-713F-4AD6-8C73-F9769032A135}.Release|Any CPU.Build.0 = Release|Any CPU
	EndGlobalSection
	GlobalSection(SolutionProperties) = preSolution
		HideSolutionNode = FALSE
	EndGlobalSection
	GlobalSection(ExtensibilityGlobals) = postSolution
		SolutionGuid = {0FDEBCAE-A35C-43E4-9126-7A9C6C510AAD}
	EndGlobalSection
EndGlobal
